{
  "version": "3",
  "remote": {
    "https://deno.land/std@0.170.0/_util/asserts.ts": "d0844e9b62510f89ce1f9878b046f6a57bf88f208a10304aab50efcb48365272",
    "https://deno.land/std@0.170.0/async/abortable.ts": "80b2ac399f142cc528f95a037a7d0e653296352d95c681e284533765961de409",
    "https://deno.land/std@0.170.0/async/deadline.ts": "2c2deb53c7c28ca1dda7a3ad81e70508b1ebc25db52559de6b8636c9278fd41f",
    "https://deno.land/std@0.170.0/async/debounce.ts": "60301ffb37e730cd2d6f9dadfd0ecb2a38857681bd7aaf6b0a106b06e5210a98",
    "https://deno.land/std@0.170.0/async/deferred.ts": "77d3f84255c3627f1cc88699d8472b664d7635990d5358c4351623e098e917d6",
    "https://deno.land/std@0.170.0/async/delay.ts": "5a9bfba8de38840308a7a33786a0155a7f6c1f7a859558ddcec5fe06e16daf57",
    "https://deno.land/std@0.170.0/async/mod.ts": "7809ad4bb223e40f5fdc043e5c7ca04e0e25eed35c32c3c32e28697c553fa6d9",
    "https://deno.land/std@0.170.0/async/mux_async_iterator.ts": "770a0ff26c59f8bbbda6b703a2235f04e379f73238e8d66a087edc68c2a2c35f",
    "https://deno.land/std@0.170.0/async/pool.ts": "6854d8cd675a74c73391c82005cbbe4cc58183bddcd1fbbd7c2bcda42b61cf69",
    "https://deno.land/std@0.170.0/async/retry.ts": "e8e5173623915bbc0ddc537698fa418cf875456c347eda1ed453528645b42e67",
    "https://deno.land/std@0.170.0/async/tee.ts": "3a47cc4e9a940904fd4341f0224907e199121c80b831faa5ec2b054c6d2eff5e",
    "https://deno.land/std@0.170.0/datetime/to_imf.ts": "bdb0704a986a9bb48fba220722b3d4681e4b8c9c162562ee545ef2eb90b6edcd",
    "https://deno.land/std@0.170.0/encoding/base64.ts": "8605e018e49211efc767686f6f687827d7f5fd5217163e981d8d693105640d7a",
    "https://deno.land/std@0.170.0/flags/mod.ts": "4f50ec6383c02684db35de38b3ffb2cd5b9fcfcc0b1147055d1980c49e82521c",
    "https://deno.land/std@0.170.0/http/cookie.ts": "581464551b3d91739f699fbd6a429e6e8701ae252cf295efcda7379e8410d204",
    "https://deno.land/std@0.170.0/http/http_status.ts": "ed24048cc0d06066c944da59b0301da3ae2f990564bb4ad79bb52a09cf8e9b30",
    "https://deno.land/x/openai@v4.25.0/_shims/MultipartBody.ts": "fe06a56b54ae358c9cf99823096e34b36795fdba2e17513f0e9539210edd797d",
    "https://deno.land/x/openai@v4.25.0/_shims/mod.ts": "2e253cb26bfa7060bd37e45626e60e4bf3e7b3fb3e0f559fdfdeef94c73f9372",
    "https://deno.land/x/openai@v4.25.0/core.ts": "ee7827750442fbfd557d754b74b1cd4b5a4ef1854aa01f61df0009c3a2cedc3d",
    "https://deno.land/x/openai@v4.25.0/error.ts": "82962c51d5894159afc3351e31133eacad9405674ea03c8ccd5ce071b88d5ebf",
    "https://deno.land/x/openai@v4.25.0/lib/AbstractChatCompletionRunner.ts": "0b2442b11f59559f1e8d67b2083dd948a7e9d1b7163de968dd290255c19242ce",
    "https://deno.land/x/openai@v4.25.0/lib/ChatCompletionRunner.ts": "0d1cc40d99cd64b7d573ab95f9cb75750f24f9829da91e12573122842985a2d0",
    "https://deno.land/x/openai@v4.25.0/lib/ChatCompletionStream.ts": "1baab7ba3019704ad81a4efc9e823eb237a4895c1290112191dcda7e94514f43",
    "https://deno.land/x/openai@v4.25.0/lib/ChatCompletionStreamingRunner.ts": "9bcaae3760dd5f9b54d5d4b2ba79b8731bb3dc79214c26e5d0bbdfe809747dd2",
    "https://deno.land/x/openai@v4.25.0/lib/RunnableFunction.ts": "f45a16776de983da6b65e5748eb2c581b6ea9d3849bda0026f24659cf0be2d2c",
    "https://deno.land/x/openai@v4.25.0/lib/chatCompletionUtils.ts": "4991d3e698a54f8e4273eb0f1d73851f7ba549a0a32fabbcd739627677003cb9",
    "https://deno.land/x/openai@v4.25.0/lib/jsonschema.ts": "ed31a7861e19e505c43aa7612579b2739243ee8e8dd47ccb5f8908fa5ff3b5f0",
    "https://deno.land/x/openai@v4.25.0/mod.ts": "34092b97a8bcca28ea159d64c77cf930e4a581f9cbf8aae3e4e42d77e7b91b64",
    "https://deno.land/x/openai@v4.25.0/pagination.ts": "43a99777ce4e7c51ab2718d709e9f5acfbf5a21d3b17de5a53bb6a74923bf410",
    "https://deno.land/x/openai@v4.25.0/resource.ts": "ab3af12d680ecd58fad8f1ff5cd64b48314155bfbd1c4498d1cadd914f8a1316",
    "https://deno.land/x/openai@v4.25.0/resources/audio/audio.ts": "5e29281f42c8938e9ae93284fc360b4d7fa9c21cd79fe03a48e98e8b317edab0",
    "https://deno.land/x/openai@v4.25.0/resources/audio/speech.ts": "0a559eacfa16a3b69d96cd1ef8f6dad903ba28cf031f641ae2bfd4238e104352",
    "https://deno.land/x/openai@v4.25.0/resources/audio/transcriptions.ts": "3b6881e3c4ab19a0946f7bc5f91c2e64eefcf8e37fd715ab464d0dc27590df1c",
    "https://deno.land/x/openai@v4.25.0/resources/audio/translations.ts": "9785bc24a8a555e06898a029f943169934f15051862cf7e824f32defdc19d485",
    "https://deno.land/x/openai@v4.25.0/resources/beta/assistants/assistants.ts": "cb80d90375a3cd40793dd17bd832d9a19b32be922f761c7649c49fdf3daa06a0",
    "https://deno.land/x/openai@v4.25.0/resources/beta/assistants/files.ts": "a923a0ae4f8f7a2953709ba97e7849e212c62571fd6075670ee695b5ed6eb117",
    "https://deno.land/x/openai@v4.25.0/resources/beta/beta.ts": "fbcb0b5065cd8093173544282a9208e6f6b89f66b5dbe62c420cd3ad5fa6aff8",
    "https://deno.land/x/openai@v4.25.0/resources/beta/chat/chat.ts": "27c8bfae3bd25d2c7a76e61af3bb63dbf39406ee826282fb1f1502bd5b577cd3",
    "https://deno.land/x/openai@v4.25.0/resources/beta/chat/completions.ts": "e7d1937f3c60fd04381f0104f640eb69c9371a42153e0583da4638a8b5b15c6a",
    "https://deno.land/x/openai@v4.25.0/resources/beta/threads/messages/files.ts": "bd50ec629f6216944a42455ea5f9ec992885df346637f46ede3a4c71fb04246f",
    "https://deno.land/x/openai@v4.25.0/resources/beta/threads/messages/messages.ts": "34ac0d56bf22a5fe6d7853d8c921b81f35817dc76ce7875f7763101bd7449544",
    "https://deno.land/x/openai@v4.25.0/resources/beta/threads/runs/runs.ts": "8c25ec9e82183e780264253add9af1601b2f75df14c92d6c08622668fd4641a6",
    "https://deno.land/x/openai@v4.25.0/resources/beta/threads/runs/steps.ts": "53392a3f81817a2f9525003bb00c50c02dd238c82fd939ca1948a7edbf520f63",
    "https://deno.land/x/openai@v4.25.0/resources/beta/threads/threads.ts": "c38ee69e89a6ca36de824fd4b6997c77ac603aa928ffb97ea3e3614a12e34ee4",
    "https://deno.land/x/openai@v4.25.0/resources/chat/chat.ts": "f620f47df83efa5d32520c894223133a3f94e0358462b7937df45f1a588e3960",
    "https://deno.land/x/openai@v4.25.0/resources/chat/completions.ts": "2462d20e698ea208a69f9f9c20344e74e3844c4ab0e0a81a90e5600aa0cc2782",
    "https://deno.land/x/openai@v4.25.0/resources/chat/mod.ts": "220d4b7ae6c7b901594371308b2f397fe1d736ae039b6e400cbdad843c791fc4",
    "https://deno.land/x/openai@v4.25.0/resources/completions.ts": "bb63eacff7372979280ec889193ad04d676a4c272a87733ddc0802a37187cef9",
    "https://deno.land/x/openai@v4.25.0/resources/embeddings.ts": "f607d76d445c6314e43a6816ab7a5e39e1ef33efdbc0ae1c1b5313e4cede9866",
    "https://deno.land/x/openai@v4.25.0/resources/files.ts": "16c77abc27196a66692b1b1b34f424b56174d77859d9d9206c8f7827ae4448be",
    "https://deno.land/x/openai@v4.25.0/resources/fine-tuning/fine-tuning.ts": "c6021ccd5d6f062e6d6178882fba60fdfe51d5f54a0fd45a62d0823b21ca3314",
    "https://deno.land/x/openai@v4.25.0/resources/fine-tuning/jobs.ts": "7b45a06f25136bbdd220ddd9b56a7a3c8fc6580f87fa98c31222337795dbaa45",
    "https://deno.land/x/openai@v4.25.0/resources/images.ts": "ac7153dd8bb7bdc93efb2ad2868a7acca5688f942936988273e23378a660a345",
    "https://deno.land/x/openai@v4.25.0/resources/mod.ts": "3442df6c2cd9cf4599e99939adc520a0e23041162a9a2322e838eb477eccf9e0",
    "https://deno.land/x/openai@v4.25.0/resources/models.ts": "83f81fc5075a6ac2cdb6515014b7e9ce0d311f698ea416e8bf305573786ea809",
    "https://deno.land/x/openai@v4.25.0/resources/moderations.ts": "393c5893692219947135fa8ae0eaeba608f8904128d91b8aa1f03de7c96c8172",
    "https://deno.land/x/openai@v4.25.0/resources/shared.ts": "919082a633e2b16e9d83fd5e9af3b26af3dc24bbadf2e20c2862226b833de414",
    "https://deno.land/x/openai@v4.25.0/streaming.ts": "f360cf909b07562330ca75470ae26eecdc35f176af424b0f74ab673a5b242782",
    "https://deno.land/x/openai@v4.25.0/uploads.ts": "77080ea73fae95aa8da4edeeb5cc7dcdd94743cd157f667114468c8233154955",
    "https://deno.land/x/openai@v4.25.0/version.ts": "a36cdac46ea748bb43af39d27371e4a279faaefda3d08dd951895d5759fc2025",
    "https://edge.netlify.com/": "ff84a16f192fdb43db8b9dff869889f555c05857d075044d2a7cfa54c283a0a0",
    "https://edge.netlify.com/bootstrap/config.ts": "0aa0a225d978b89e0e62cbd853701605199e7a84095e55eeb70147faf1a24803",
    "https://edge.netlify.com/bootstrap/context.ts": "8f99269eeeeccf9b852e6089cc648c962a0ea20b2198b8b38b38e3b2ce2b9143",
    "https://edge.netlify.com/bootstrap/cookie.ts": "8b0baae708989ca183c6f3b4ab3d029e6abcbc2e43f93edeb0ff447b3bbc3a05",
    "https://edge.netlify.com/bootstrap/edge_function.ts": "b8253e86aa83c67341f5cfedeba5049d77fbf84dcab7eceff7566b7728ae9b39",
    "https://edge.netlify.com/bootstrap/globals.ts": "38f9e0be6c2c78206bf14d2387d41964d38bbe81644b3668e203c6f6473408a7",
    "https://esm.sh/cache-control-parser@2.0.2": "593aa3a40c8885a7459d1125eb2096da3ec6c66b85620a1d3bcb035cd021233f",
    "https://esm.sh/v135/cache-control-parser@2.0.2/denonext/cache-control-parser.mjs": "c2ad4a3f3b688914214d1facf9254617ac551c6a203a2353050c9882d26ab219",
    "https://v1-7-0--edge-utils.netlify.app/logger/logger.ts": "5e27d74386449246cb2b0b7ac4e2e15bc60965e188fdde15bb5897e28ecb31fa",
    "https://v1-7-0--edge-utils.netlify.app/logger/mod.ts": "669a5ec2dceede2926b0e1a7471c449a445f957c1deac559e07fb4c2af390ed1",
    "https://v2-8-1--edge.netlify.com/bootstrap/account.ts": "2a728e5787f089e638732dd9a1bd782770d83d403b60bd6d35977045f77ecf70",
    "https://v2-8-1--edge.netlify.com/bootstrap/blobs.ts": "458b9d5385d1b67aa18bf98341de09b711aa131c1e3f6246a9400dfbe2a5bb8f",
    "https://v2-8-1--edge.netlify.com/bootstrap/bypass.ts": "225c35410fbe6f445f53d30e929f39a3547e8792d1147f5c016aa0068aba0b45",
    "https://v2-8-1--edge.netlify.com/bootstrap/cache.ts": "b8cbe411e9cac6529a11bce57fa1693aea14c1c614d977e23641efba8976dc66",
    "https://v2-8-1--edge.netlify.com/bootstrap/context.ts": "8f99269eeeeccf9b852e6089cc648c962a0ea20b2198b8b38b38e3b2ce2b9143",
    "https://v2-8-1--edge.netlify.com/bootstrap/cookie.ts": "8b0baae708989ca183c6f3b4ab3d029e6abcbc2e43f93edeb0ff447b3bbc3a05",
    "https://v2-8-1--edge.netlify.com/bootstrap/cookie_store.ts": "83e87d7f704589e257effa270e1abbd9ad0e362f8eeb596be60350a528bc3c1a",
    "https://v2-8-1--edge.netlify.com/bootstrap/deno-fs.ts": "ccd0a9335de14e01d77e8937e2320c99a110f5f2a473b80126750e3884ef952a",
    "https://v2-8-1--edge.netlify.com/bootstrap/edge_function.ts": "b8253e86aa83c67341f5cfedeba5049d77fbf84dcab7eceff7566b7728ae9b39",
    "https://v2-8-1--edge.netlify.com/bootstrap/environment.ts": "c08728e19705bfa2a2f28e28875dd7759cbefdff8fcdd0050453def67286f354",
    "https://v2-8-1--edge.netlify.com/bootstrap/feature_flags.ts": "39c1dbfa8f38994becb7fe8f36ca68fa1037b9a6ce47eb518f8dc00072731ee6",
    "https://v2-8-1--edge.netlify.com/bootstrap/function_chain.ts": "fd2250944c283d3e9946e6b422dc03731791efd06ff2f9fb4a9780b67777f3c0",
    "https://v2-8-1--edge.netlify.com/bootstrap/geo.ts": "5b51956f04a00ea82c787d559a528b16bd39a7622127b1a6571ba33e83872b4a",
    "https://v2-8-1--edge.netlify.com/bootstrap/globals.ts": "38f9e0be6c2c78206bf14d2387d41964d38bbe81644b3668e203c6f6473408a7",
    "https://v2-8-1--edge.netlify.com/bootstrap/handler.ts": "f8a9fdffec4ced9aa04f874cdf658cc173954a8455e9e92c088fc4b71fd00aa8",
    "https://v2-8-1--edge.netlify.com/bootstrap/headers.ts": "c119cb8c758d595a03a8396a3bdd41896c623fbab92adac69be76c3502589dbe",
    "https://v2-8-1--edge.netlify.com/bootstrap/index-combined.ts": "d3d3275ef36aff31e35a56da0db128b0f7403cecc4ca8c9af1e17cb78bfa5ae0",
    "https://v2-8-1--edge.netlify.com/bootstrap/invocation_metadata.ts": "e16572a7bdfb504ec7e8b19fa010ae832c5de97cabcc80b3746b47c723d5d197",
    "https://v2-8-1--edge.netlify.com/bootstrap/log/instrumented_log.ts": "a844ccdfe394448be89a540c74c1ddb3a03a11276114301a002ebdb08e24f136",
    "https://v2-8-1--edge.netlify.com/bootstrap/log/logger.ts": "8594f4d3ae28fb2067d0e9f93a5636e1213f79ff21f05f6b32de9432cfeae0fb",
    "https://v2-8-1--edge.netlify.com/bootstrap/path_parameters.ts": "8266dd6cbb4dbf859aa3536b1250b4daace8f00b2c82e7042006d8d0e448dd52",
    "https://v2-8-1--edge.netlify.com/bootstrap/request.ts": "8f0d2aeee6514276a60bb3e3763d991c7ae7bf29cf6ec9b26a2dd8c12a5442d5",
    "https://v2-8-1--edge.netlify.com/bootstrap/request_store.ts": "9270fb6d8fb25fb00af79a1406a52084f09d42aa5f8957377d8fecb1bc3b2f99",
    "https://v2-8-1--edge.netlify.com/bootstrap/response.ts": "4e0d2537f810028ddbe91138b3526dae3f4c3fb30ff17673342ca971207c21b7",
    "https://v2-8-1--edge.netlify.com/bootstrap/retry.ts": "f296ce40940395e9cceb45e7e6df2852cfdd04d560d63b66e0d448550b583f77",
    "https://v2-8-1--edge.netlify.com/bootstrap/router.ts": "b787249ecbd87c01a661957302a251ecf6653f3c22d5eb3a6a167b8d07264fdc",
    "https://v2-8-1--edge.netlify.com/bootstrap/server.ts": "6266587b87114e510ec9165117620b81e5a01bd24ab41753677e8c828536c5d7",
    "https://v2-8-1--edge.netlify.com/bootstrap/site.ts": "c4ab1ea61feaafcebfcc08fb8f501084c92094c5dc4051be049786f403dec0e5",
    "https://v2-8-1--edge.netlify.com/bootstrap/stage_2.ts": "a90258046f480d1e423c140d5cdbf305c860283e021d2bcf5eff36d5d6929114",
    "https://v2-8-1--edge.netlify.com/bootstrap/util/errors.ts": "e844f57dbb383a04c76523f1b2e30d8b99f8f7afb843a4b936e8d4d2a8a2d990",
    "https://v2-8-1--edge.netlify.com/bootstrap/util/execution_context.ts": "b07744eb142427731823df69cdb38a0dd63d7e0e0104a03012dd15a8a3ab8e4d",
    "https://v2-8-1--edge.netlify.com/bootstrap/util/fetch.ts": "d701c18a1cbb1624a5f1673d3d1db6b50dee0d27ab6c2a7127bf2a0b8dfc412a",
    "https://v2-8-1--edge.netlify.com/bootstrap/util/patch_globals.ts": "142ac9ed16a0389326b51305137006c4bccf10d873d534f3ebb28045fd8e646a",
    "https://v2-8-1--edge.netlify.com/bootstrap/util/redirect.ts": "bf583fc1a8e018694d842e75aff10cac04c36d12dead39a17f77d440c0c039c2"
  },
  "workspace": {
    "packageJson": {
      "dependencies": [
        "npm:@fortaine/fetch-event-source@^3.0.6",
        "npm:@impalajs/core",
        "npm:@impalajs/react",
        "npm:@types/node@^18.15.7",
        "npm:@types/react-dom@^18.0.11",
        "npm:@types/react@^18.0.28",
        "npm:@vitejs/plugin-react@^3.1.0",
        "npm:postcss@^8.4.21",
        "npm:react-dom@^18.2.0",
        "npm:react-markdown@^8.0.6",
        "npm:react@^18.2.0",
        "npm:remark-gfm@^3.0.1",
        "npm:tailwindcss@^3.3.1",
        "npm:typescript@^4.9.3",
        "npm:vite@^4.2.0"
      ]
    }
  }
}
